// !$*UTF8*$!
{
	archiveVersion = 1;
	classes = {
	};
	objectVersion = 46;
	objects = {

/* Begin PBXBuildFile section */
		2AA0A1911A0BD132007A085A /* AppDelegate.swift in Sources */ = {isa = PBXBuildFile; fileRef = 2AA0A1901A0BD132007A085A /* AppDelegate.swift */; };
		2AA0A1931A0BD132007A085A /* ViewController.swift in Sources */ = {isa = PBXBuildFile; fileRef = 2AA0A1921A0BD132007A085A /* ViewController.swift */; };
		2AA0A1961A0BD132007A085A /* Main.storyboard in Resources */ = {isa = PBXBuildFile; fileRef = 2AA0A1941A0BD132007A085A /* Main.storyboard */; };
		2AA0A1981A0BD132007A085A /* Images.xcassets in Resources */ = {isa = PBXBuildFile; fileRef = 2AA0A1971A0BD132007A085A /* Images.xcassets */; };
		2AA0A19B1A0BD132007A085A /* LaunchScreen.xib in Resources */ = {isa = PBXBuildFile; fileRef = 2AA0A1991A0BD132007A085A /* LaunchScreen.xib */; };
		2AA0A1A71A0BD132007A085A /* AppDeProvaTests.swift in Sources */ = {isa = PBXBuildFile; fileRef = 2AA0A1A61A0BD132007A085A /* AppDeProvaTests.swift */; };
/* End PBXBuildFile section */

/* Begin PBXContainerItemProxy section */
		2AA0A1A11A0BD132007A085A /* PBXContainerItemProxy */ = {
			isa = PBXContainerItemProxy;
			containerPortal = 2AA0A1831A0BD132007A085A /* Project object */;
			proxyType = 1;
			remoteGlobalIDString = 2AA0A18A1A0BD132007A085A;
			remoteInfo = AppDeProva;
		};
/* End PBXContainerItemProxy section */

/* Begin PBXFileReference section */
		2AA0A18B1A0BD132007A085A /* AppDeProva.app */ = {isa = PBXFileReference; explicitFileType = wrapper.application; includeInIndex = 0; path = AppDeProva.app; sourceTree = BUILT_PRODUCTS_DIR; };
		2AA0A18F1A0BD132007A085A /* Info.plist */ = {isa = PBXFileReference; lastKnownFileType = text.plist.xml; path = Info.plist; sourceTree = "<group>"; };
		2AA0A1901A0BD132007A085A /* AppDelegate.swift */ = {isa = PBXFileReference; lastKnownFileType = sourcecode.swift; path = AppDelegate.swift; sourceTree = "<group>"; };
		2AA0A1921A0BD132007A085A /* ViewController.swift */ = {isa = PBXFileReference; lastKnownFileType = sourcecode.swift; path = ViewController.swift; sourceTree = "<group>"; };
		2AA0A1951A0BD132007A085A /* Base */ = {isa = PBXFileReference; lastKnownFileType = file.storyboard; name = Base; path = Base.lproj/Main.storyboard; sourceTree = "<group>"; };
		2AA0A1971A0BD132007A085A /* Images.xcassets */ = {isa = PBXFileReference; lastKnownFileType = folder.assetcatalog; path = Images.xcassets; sourceTree = "<group>"; };
		2AA0A19A1A0BD132007A085A /* Base */ = {isa = PBXFileReference; lastKnownFileType = file.xib; name = Base; path = Base.lproj/LaunchScreen.xib; sourceTree = "<group>"; };
		2AA0A1A01A0BD132007A085A /* AppDeProvaTests.xctest */ = {isa = PBXFileReference; explicitFileType = wrapper.cfbundle; includeInIndex = 0; path = AppDeProvaTests.xctest; sourceTree = BUILT_PRODUCTS_DIR; };
		2AA0A1A51A0BD132007A085A /* Info.plist */ = {isa = PBXFileReference; lastKnownFileType = text.plist.xml; path = Info.plist; sourceTree = "<group>"; };
		2AA0A1A61A0BD132007A085A /* AppDeProvaTests.swift */ = {isa = PBXFileReference; lastKnownFileType = sourcecode.swift; path = AppDeProvaTests.swift; sourceTree = "<group>"; };
/* End PBXFileReference section */

/* Begin PBXFrameworksBuildPhase section */
		2AA0A1881A0BD132007A085A /* Frameworks */ = {
			isa = PBXFrameworksBuildPhase;
			buildActionMask = 2147483647;
			files = (
			);
			runOnlyForDeploymentPostprocessing = 0;
		};
		2AA0A19D1A0BD132007A085A /* Frameworks */ = {
			isa = PBXFrameworksBuildPhase;
			buildActionMask = 2147483647;
			files = (
			);
			runOnlyForDeploymentPostprocessing = 0;
		};
/* End PBXFrameworksBuildPhase section */

/* Begin PBXGroup section */
		2AA0A1821A0BD132007A085A = {
			isa = PBXGroup;
			children = (
				2AA0A18D1A0BD132007A085A /* AppDeProva */,
				2AA0A1A31A0BD132007A085A /* AppDeProvaTests */,
				2AA0A18C1A0BD132007A085A /* Products */,
			);
			sourceTree = "<group>";
		};
		2AA0A18C1A0BD132007A085A /* Products */ = {
			isa = PBXGroup;
			children = (
				2AA0A18B1A0BD132007A085A /* AppDeProva.app */,
				2AA0A1A01A0BD132007A085A /* AppDeProvaTests.xctest */,
			);
			name = Products;
			sourceTree = "<group>";
		};
		2AA0A18D1A0BD132007A085A /* AppDeProva */ = {
			isa = PBXGroup;
			children = (
				2AA0A1901A0BD132007A085A /* AppDelegate.swift */,
				2AA0A1921A0BD132007A085A /* ViewController.swift */,
				2AA0A1941A0BD132007A085A /* Main.storyboard */,
				2AA0A1971A0BD132007A085A /* Images.xcassets */,
				2AA0A1991A0BD132007A085A /* LaunchScreen.xib */,
				2AA0A18E1A0BD132007A085A /* Supporting Files */,
			);
			path = AppDeProva;
			sourceTree = "<group>";
		};
		2AA0A18E1A0BD132007A085A /* Supporting Files */ = {
			isa = PBXGroup;
			children = (
				2AA0A18F1A0BD132007A085A /* Info.plist */,
			);
			name = "Supporting Files";
			sourceTree = "<group>";
		};
		2AA0A1A31A0BD132007A085A /* AppDeProvaTests */ = {
			isa = PBXGroup;
			children = (
				2AA0A1A61A0BD132007A085A /* AppDeProvaTests.swift */,
				2AA0A1A41A0BD132007A085A /* Supporting Files */,
			);
			path = AppDeProvaTests;
			sourceTree = "<group>";
		};
		2AA0A1A41A0BD132007A085A /* Supporting Files */ = {
			isa = PBXGroup;
			children = (
				2AA0A1A51A0BD132007A085A /* Info.plist */,
			);
			name = "Supporting Files";
			sourceTree = "<group>";
		};
/* End PBXGroup section */

/* Begin PBXNativeTarget section */
		2AA0A18A1A0BD132007A085A /* AppDeProva */ = {
			isa = PBXNativeTarget;
			buildConfigurationList = 2AA0A1AA1A0BD132007A085A /* Build configuration list for PBXNativeTarget "AppDeProva" */;
			buildPhases = (
				2AA0A1871A0BD132007A085A /* Sources */,
				2AA0A1881A0BD132007A085A /* Frameworks */,
				2AA0A1891A0BD132007A085A /* Resources */,
			);
			buildRules = (
			);
			dependencies = (
			);
			name = AppDeProva;
			productName = AppDeProva;
			productReference = 2AA0A18B1A0BD132007A085A /* AppDeProva.app */;
			productType = "com.apple.product-type.application";
		};
		2AA0A19F1A0BD132007A085A /* AppDeProvaTests */ = {
			isa = PBXNativeTarget;
			buildConfigurationList = 2AA0A1AD1A0BD132007A085A /* Build configuration list for PBXNativeTarget "AppDeProvaTests" */;
			buildPhases = (
				2AA0A19C1A0BD132007A085A /* Sources */,
				2AA0A19D1A0BD132007A085A /* Frameworks */,
				2AA0A19E1A0BD132007A085A /* Resources */,
			);
			buildRules = (
			);
			dependencies = (
				2AA0A1A21A0BD132007A085A /* PBXTargetDependency */,
			);
			name = AppDeProvaTests;
			productName = AppDeProvaTests;
			productReference = 2AA0A1A01A0BD132007A085A /* AppDeProvaTests.xctest */;
			productType = "com.apple.product-type.bundle.unit-test";
		};
/* End PBXNativeTarget section */

/* Begin PBXProject section */
		2AA0A1831A0BD132007A085A /* Project object */ = {
			isa = PBXProject;
			attributes = {
				LastUpgradeCheck = 0610;
				ORGANIZATIONNAME = "Xavier Soler Parés";
				TargetAttributes = {
					2AA0A18A1A0BD132007A085A = {
						CreatedOnToolsVersion = 6.1;
					};
					2AA0A19F1A0BD132007A085A = {
						CreatedOnToolsVersion = 6.1;
						TestTargetID = 2AA0A18A1A0BD132007A085A;
					};
				};
			};
			buildConfigurationList = 2AA0A1861A0BD132007A085A /* Build configuration list for PBXProject "AppDeProva" */;
			compatibilityVersion = "Xcode 3.2";
			developmentRegion = English;
			hasScannedForEncodings = 0;
			knownRegions = (
				en,
				Base,
			);
			mainGroup = 2AA0A1821A0BD132007A085A;
			productRefGroup = 2AA0A18C1A0BD132007A085A /* Products */;
			projectDirPath = "";
			projectRoot = "";
			targets = (
				2AA0A18A1A0BD132007A085A /* AppDeProva */,
				2AA0A19F1A0BD132007A085A /* AppDeProvaTests */,
			);
		};
/* End PBXProject section */

/* Begin PBXResourcesBuildPhase section */
		2AA0A1891A0BD132007A085A /* Resources */ = {
			isa = PBXResourcesBuildPhase;
			buildActionMask = 2147483647;
			files = (
				2AA0A1961A0BD132007A085A /* Main.storyboard in Resources */,
				2AA0A19B1A0BD132007A085A /* LaunchScreen.xib in Resources */,
				2AA0A1981A0BD132007A085A /* Images.xcassets in Resources */,
			);
			runOnlyForDeploymentPostprocessing = 0;
		};
		2AA0A19E1A0BD132007A085A /* Resources */ = {
			isa = PBXResourcesBuildPhase;
			buildActionMask = 2147483647;
			files = (
			);
			runOnlyForDeploymentPostprocessing = 0;
		};
/* End PBXResourcesBuildPhase section */

/* Begin PBXSourcesBuildPhase section */
		2AA0A1871A0BD132007A085A /* Sources */ = {
			isa = PBXSourcesBuildPhase;
			buildActionMask = 2147483647;
			files = (
				2AA0A1931A0BD132007A085A /* ViewController.swift in Sources */,
				2AA0A1911A0BD132007A085A /* AppDelegate.swift in Sources */,
			);
			runOnlyForDeploymentPostprocessing = 0;
		};
		2AA0A19C1A0BD132007A085A /* Sources */ = {
			isa = PBXSourcesBuildPhase;
			buildActionMask = 2147483647;
			files = (
				2AA0A1A71A0BD132007A085A /* AppDeProvaTests.swift in Sources */,
			);
			runOnlyForDeploymentPostprocessing = 0;
		};
/* End PBXSourcesBuildPhase section */

/* Begin PBXTargetDependency section */
		2AA0A1A21A0BD132007A085A /* PBXTargetDependency */ = {
			isa = PBXTargetDependency;
			target = 2AA0A18A1A0BD132007A085A /* AppDeProva */;
			targetProxy = 2AA0A1A11A0BD132007A085A /* PBXContainerItemProxy */;
		};
/* End PBXTargetDependency section */

/* Begin PBXVariantGroup section */
		2AA0A1941A0BD132007A085A /* Main.storyboard */ = {
			isa = PBXVariantGroup;
			children = (
				2AA0A1951A0BD132007A085A /* Base */,
			);
			name = Main.storyboard;
			sourceTree = "<group>";
		};
		2AA0A1991A0BD132007A085A /* LaunchScreen.xib */ = {
			isa = PBXVariantGroup;
			children = (
				2AA0A19A1A0BD132007A085A /* Base */,
			);
			name = LaunchScreen.xib;
			sourceTree = "<group>";
		};
/* End PBXVariantGroup section */

/* Begin XCBuildConfiguration section */
		2AA0A1A81A0BD132007A085A /* Debug */ = {
			isa = XCBuildConfiguration;
			buildSettings = {
				ALWAYS_SEARCH_USER_PATHS = NO;
				CLANG_CXX_LANGUAGE_STANDARD = "gnu++0x";
				CLANG_CXX_LIBRARY = "libc++";
				CLANG_ENABLE_MODULES = YES;
				CLANG_ENABLE_OBJC_ARC = YES;
				CLANG_WARN_BOOL_CONVERSION = YES;
				CLANG_WARN_CONSTANT_CONVERSION = YES;
				CLANG_WARN_DIRECT_OBJC_ISA_USAGE = YES_ERROR;
				CLANG_WARN_EMPTY_BODY = YES;
				CLANG_WARN_ENUM_CONVERSION = YES;
				CLANG_WARN_INT_CONVERSION = YES;
				CLANG_WARN_OBJC_ROOT_CLASS = YES_ERROR;
				CLANG_WARN_UNREACHABLE_CODE = YES;
				CLANG_WARN__DUPLICATE_METHOD_MATCH = YES;
				"CODE_SIGN_IDENTITY[sdk=iphoneos*]" = "iPhone Developer";
				COPY_PHASE_STRIP = NO;
				ENABLE_STRICT_OBJC_MSGSEND = YES;
				GCC_C_LANGUAGE_STANDARD = gnu99;
				GCC_DYNAMIC_NO_PIC = NO;
				GCC_OPTIMIZATION_LEVEL = 0;
				GCC_PREPROCESSOR_DEFINITIONS = (
					"DEBUG=1",
					"$(inherited)",
				);
				GCC_SYMBOLS_PRIVATE_EXTERN = NO;
				GCC_WARN_64_TO_32_BIT_CONVERSION = YES;
				GCC_WARN_ABOUT_RETURN_TYPE = YES_ERROR;
				GCC_WARN_UNDECLARED_SELECTOR = YES;
				GCC_WARN_UNINITIALIZED_AUTOS = YES_AGGRESSIVE;
				GCC_WARN_UNUSED_FUNCTION = YES;
				GCC_WARN_UNUSED_VARIABLE = YES;
				IPHONEOS_DEPLOYMENT_TARGET = 8.1;
				MTL_ENABLE_DEBUG_INFO = YES;
				ONLY_ACTIVE_ARCH = YES;
				SDKROOT = iphoneos;
				SWIFT_OPTIMIZATION_LEVEL = "-Onone";
			};
			name = Debug;
		};
		2AA0A1A91A0BD132007A085A /* Release */ = {
			isa = XCBuildConfiguration;
			buildSettings = {
				ALWAYS_SEARCH_USER_PATHS = NO;
				CLANG_CXX_LANGUAGE_STANDARD = "gnu++0x";
				CLANG_CXX_LIBRARY = "libc++";
				CLANG_ENABLE_MODULES = YES;
				CLANG_ENABLE_OBJC_ARC = YES;
				CLANG_WARN_BOOL_CONVERSION = YES;
				CLANG_WARN_CONSTANT_CONVERSION = YES;
				CLANG_WARN_DIRECT_OBJC_ISA_USAGE = YES_ERROR;
				CLANG_WARN_EMPTY_BODY = YES;
				CLANG_WARN_ENUM_CONVERSION = YES;
				CLANG_WARN_INT_CONVERSION = YES;
				CLANG_WARN_OBJC_ROOT_CLASS = YES_ERROR;
				CLANG_WARN_UNREACHABLE_CODE = YES;
				CLANG_WARN__DUPLICATE_METHOD_MATCH = YES;
				"CODE_SIGN_IDENTITY[sdk=iphoneos*]" = "iPhone Developer";
				COPY_PHASE_STRIP = YES;
				ENABLE_NS_ASSERTIONS = NO;
				ENABLE_STRICT_OBJC_MSGSEND = YES;
				GCC_C_LANGUAGE_STANDARD = gnu99;
				GCC_WARN_64_TO_32_BIT_CONVERSION = YES;
				GCC_WARN_ABOUT_RETURN_TYPE = YES_ERROR;
				GCC_WARN_UNDECLARED_SELECTOR = YES;
				GCC_WARN_UNINITIALIZED_AUTOS = YES_AGGRESSIVE;
				GCC_WARN_UNUSED_FUNCTION = YES;
				GCC_WARN_UNUSED_VARIABLE = YES;
				IPHONEOS_DEPLOYMENT_TARGET = 8.1;
				MTL_ENABLE_DEBUG_INFO = NO;
				SDKROOT = iphoneos;
				VALIDATE_PRODUCT = YES;
			};
			name = Release;
		};
		2AA0A1AB1A0BD132007A085A /* Debug */ = {
			isa = XCBuildConfiguration;
			buildSettings = {
				ASSETCATALOG_COMPILER_APPICON_NAME = AppIcon;
				INFOPLIST_FILE = AppDeProva/Info.plist;
				LD_RUNPATH_SEARCH_PATHS = "$(inherited) @executable_path/Frameworks";
				PRODUCT_NAME = "$(TARGET_NAME)";
			};
			name = Debug;
		};
		2AA0A1AC1A0BD132007A085A /* Release */ = {
			isa = XCBuildConfiguration;
			buildSettings = {
				ASSETCATALOG_COMPILER_APPICON_NAME = AppIcon;
				INFOPLIST_FILE = AppDeProva/Info.plist;
				LD_RUNPATH_SEARCH_PATHS = "$(inherited) @executable_path/Frameworks";
				PRODUCT_NAME = "$(TARGET_NAME)";
			};
			name = Release;
		};
		2AA0A1AE1A0BD132007A085A /* Debug */ = {
			isa = XCBuildConfiguration;
			buildSettings = {
				BUNDLE_LOADER = "$(TEST_HOST)";
				FRAMEWORK_SEARCH_PATHS = (
					"$(SDKROOT)/Developer/Library/Frameworks",
					"$(inherited)",
				);
				GCC_PREPROCESSOR_DEFINITIONS = (
					"DEBUG=1",
					"$(inherited)",
				);
				INFOPLIST_FILE = AppDeProvaTests/Info.plist;
				LD_RUNPATH_SEARCH_PATHS = "$(inherited) @executable_path/Frameworks @loader_path/Frameworks";
				PRODUCT_NAME = "$(TARGET_NAME)";
				TEST_HOST = "$(BUILT_PRODUCTS_DIR)/AppDeProva.app/AppDeProva";
			};
			name = Debug;
		};
		2AA0A1AF1A0BD132007A085A /* Release */ = {
			isa = XCBuildConfiguration;
			buildSettings = {
				BUNDLE_LOADER = "$(TEST_HOST)";
				FRAMEWORK_SEARCH_PATHS = (
					"$(SDKROOT)/Developer/Library/Frameworks",
					"$(inherited)",
				);
				INFOPLIST_FILE = AppDeProvaTests/Info.plist;
				LD_RUNPATH_SEARCH_PATHS = "$(inherited) @executable_path/Frameworks @loader_path/Frameworks";
				PRODUCT_NAME = "$(TARGET_NAME)";
				TEST_HOST = "$(BUILT_PRODUCTS_DIR)/AppDeProva.app/AppDeProva";
			};
			name = Release;
		};
/* End XCBuildConfiguration section */

/* Begin XCConfigurationList section */
		2AA0A1861A0BD132007A085A /* Build configuration list for PBXProject "AppDeProva" */ = {
			isa = XCConfigurationList;
			buildConfigurations = (
				2AA0A1A81A0BD132007A085A /* Debug */,
				2AA0A1A91A0BD132007A085A /* Release */,
			);
			defaultConfigurationIsVisible = 0;
			defaultConfigurationName = Release;
		};
		2AA0A1AA1A0BD132007A085A /* Build configuration list for PBXNativeTarget "AppDeProva" */ = {
			isa = XCConfigurationList;
			buildConfigurations = (
				2AA0A1AB1A0BD132007A085A /* Debug */,
				2AA0A1AC1A0BD132007A085A /* Release */,
			);
			defaultConfigurationIsVisible = 0;
		};
		2AA0A1AD1A0BD132007A085A /* Build configuration list for PBXNativeTarget "AppDeProvaTests" */ = {
			isa = XCConfigurationList;
			buildConfigurations = (
				2AA0A1AE1A0BD132007A085A /* Debug */,
				2AA0A1AF1A0BD132007A085A /* Release */,
			);
			defaultConfigurationIsVisible = 0;
		};
/* End XCConfigurationList section */
	};
	rootObject = 2AA0A1831A0BD132007A085A /* Project object */;
}
